
Microsoft Visual Studio Solution File, Format Version 12.00
# Visual Studio Version 17
VisualStudioVersion = 17.0.31912.275
MinimumVisualStudioVersion = 10.0.40219.1
Project("{9A19103F-16F7-4668-BE54-9A1E7A4F7556}") = "AGMDocstarInterface", "AGMDocstarInterface.csproj", "{D8297172-8612-4B0C-94C1-90E5C07B84FB}"
EndProject
Project("{FAE04EC0-301F-11D3-BF4B-00C04F79EFBC}") = "DocstarTester", "..\DocstarTester\DocstarTester.csproj", "{4CEDACC7-496E-41B9-814F-AD3AC683F929}"
	ProjectSection(ProjectDependencies) = postProject
		{D8297172-8612-4B0C-94C1-90E5C07B84FB} = {D8297172-8612-4B0C-94C1-90E5C07B84FB}
	EndProjectSection
EndProject
Global
	GlobalSection(SolutionConfigurationPlatforms) = preSolution
		Debug|Any CPU = Debug|Any CPU
		Release|Any CPU = Release|Any CPU
	EndGlobalSection
	GlobalSection(ProjectConfigurationPlatforms) = postSolution
		{D8297172-8612-4B0C-94C1-90E5C07B84FB}.Debug|Any CPU.ActiveCfg = Debug|Any CPU
		{D8297172-8612-4B0C-94C1-90E5C07B84FB}.Debug|Any CPU.Build.0 = Debug|Any CPU
		{D8297172-8612-4B0C-94C1-90E5C07B84FB}.Release|Any CPU.ActiveCfg = Release|Any CPU
		{D8297172-8612-4B0C-94C1-90E5C07B84FB}.Release|Any CPU.Build.0 = Release|Any CPU
		{4CEDACC7-496E-41B9-814F-AD3AC683F929}.Debug|Any CPU.ActiveCfg = Debug|Any CPU
		{4CEDACC7-496E-41B9-814F-AD3AC683F929}.Debug|Any CPU.Build.0 = Debug|Any CPU
		{4CEDACC7-496E-41B9-814F-AD3AC683F929}.Release|Any CPU.ActiveCfg = Release|Any CPU
		{4CEDACC7-496E-41B9-814F-AD3AC683F929}.Release|Any CPU.Build.0 = Release|Any CPU
	EndGlobalSection
	GlobalSection(SolutionProperties) = preSolution
		HideSolutionNode = FALSE
	EndGlobalSection
	GlobalSection(ExtensibilityGlobals) = postSolution
		SolutionGuid = {E02C4386-A3D6-4866-8184-6996FDE5816D}
	EndGlobalSection
EndGlobal
